{
  "pins" : [
    {
      "identity" : "appstoreconnect-swift-sdk",
      "kind" : "remoteSourceControl",
      "location" : "https://github.com/AvdLee/appstoreconnect-swift-sdk.git",
      "state" : {
        "branch" : "master",
        "revision" : "39241b4f7a95489cd1cbcf8594c76e127e81970c"
      }
    },
    {
      "identity" : "deepl-swift",
      "kind" : "remoteSourceControl",
      "location" : "https://github.com/hoyelam/DeepL-Swift",
      "state" : {
        "revision" : "8362681ce26d751f5bde01ee902ab1aea3e2dd10",
        "version" : "0.0.1"
      }
    },
    {
      "identity" : "encryptedappstorage",
      "kind" : "remoteSourceControl",
      "location" : "https://github.com/khuong291/EncryptedAppStorage",
      "state" : {
        "branch" : "master",
        "revision" : "5c3a0e59c9b77b561cfe6eff26828d7050ed6652"
      }
    },
    {
      "identity" : "keychainaccess",
      "kind" : "remoteSourceControl",
      "location" : "https://github.com/kishikawakatsumi/KeychainAccess.git",
      "state" : {
        "branch" : "master",
        "revision" : "6299daec1d74be12164fec090faf9ed14d0da9d6"
      }
    },
    {
      "identity" : "swiftcsv",
      "kind" : "remoteSourceControl",
      "location" : "https://github.com/swiftcsv/SwiftCSV.git",
      "state" : {
        "branch" : "master",
        "revision" : "96fa14b92e88e0befdbc8bc31c7c2c9594a30060"
      }
    },
    {
      "identity" : "urlqueryencoder",
      "kind" : "remoteSourceControl",
      "location" : "https://github.com/CreateAPI/URLQueryEncoder.git",
      "state" : {
        "revision" : "4cc975d4d075d0e62699a796a08284e217d4ee93",
        "version" : "0.2.0"
      }
    }
  ],
  "version" : 2
}
