// !$*UTF8*$!
{
	archiveVersion = 1;
	classes = {
	};
	objectVersion = 55;
	objects = {

/* Begin PBXBuildFile section */
		8035DDBE28E3020E009037C9 /* WebViews.swift in Sources */ = {isa = PBXBuildFile; fileRef = 8035DDBD28E3020E009037C9 /* WebViews.swift */; };
		8035DDC128E3024B009037C9 /* DeepL.swift in Sources */ = {isa = PBXBuildFile; fileRef = 8035DDC028E3024B009037C9 /* DeepL.swift */; };
		8035DDC528E308C8009037C9 /* ReviewTitle.swift in Sources */ = {isa = PBXBuildFile; fileRef = 8035DDC428E308C8009037C9 /* ReviewTitle.swift */; };
		8035DDC728E30921009037C9 /* ReviewMetadata.swift in Sources */ = {isa = PBXBuildFile; fileRef = 8035DDC628E30921009037C9 /* ReviewMetadata.swift */; };
		8035DDC928E30950009037C9 /* ReviewReplyArea.swift in Sources */ = {isa = PBXBuildFile; fileRef = 8035DDC828E30950009037C9 /* ReviewReplyArea.swift */; };
		8035DDCB28E30BF1009037C9 /* ReviewSuggestionsPicker.swift in Sources */ = {isa = PBXBuildFile; fileRef = 8035DDCA28E30BF1009037C9 /* ReviewSuggestionsPicker.swift */; };
		8035DDCD28E30CB6009037C9 /* ReviewRatingView.swift in Sources */ = {isa = PBXBuildFile; fileRef = 8035DDCC28E30CB6009037C9 /* ReviewRatingView.swift */; };
		C23B545E2889AC0D006EB4B2 /* MenuBarView.swift in Sources */ = {isa = PBXBuildFile; fileRef = C23B545D2889AC0D006EB4B2 /* MenuBarView.swift */; };
		C23B54612889AFB2006EB4B2 /* MenuAppsSelector.swift in Sources */ = {isa = PBXBuildFile; fileRef = C23B54602889AFB2006EB4B2 /* MenuAppsSelector.swift */; };
		C23B54632889B0E5006EB4B2 /* MenuBarHeader.swift in Sources */ = {isa = PBXBuildFile; fileRef = C23B54622889B0E5006EB4B2 /* MenuBarHeader.swift */; };
		C23B54652889B601006EB4B2 /* MenuBarReview.swift in Sources */ = {isa = PBXBuildFile; fileRef = C23B54642889B601006EB4B2 /* MenuBarReview.swift */; };
		C23B54672889FBDF006EB4B2 /* FullReviewSide.swift in Sources */ = {isa = PBXBuildFile; fileRef = C23B54662889FBDF006EB4B2 /* FullReviewSide.swift */; };
		C23B546A288B017D006EB4B2 /* TerritoryCode+Extensions.swift in Sources */ = {isa = PBXBuildFile; fileRef = C23B5469288B017D006EB4B2 /* TerritoryCode+Extensions.swift */; };
		C23B546C288B01C1006EB4B2 /* Suggestion.swift in Sources */ = {isa = PBXBuildFile; fileRef = C23B546B288B01C1006EB4B2 /* Suggestion.swift */; };
		C23B5470288B0766006EB4B2 /* AppStoreConnect-Swift-SDK in Frameworks */ = {isa = PBXBuildFile; productRef = C23B546F288B0766006EB4B2 /* AppStoreConnect-Swift-SDK */; };
		C23B5472288B57B7006EB4B2 /* ImageAsset+Extensions.swift in Sources */ = {isa = PBXBuildFile; fileRef = C23B5471288B57B7006EB4B2 /* ImageAsset+Extensions.swift */; };
		C23B5475288C77B6006EB4B2 /* CachedAsyncImage.swift in Sources */ = {isa = PBXBuildFile; fileRef = C23B5474288C77B6006EB4B2 /* CachedAsyncImage.swift */; };
		C23B547A288D57DC006EB4B2 /* KeychainAccess in Frameworks */ = {isa = PBXBuildFile; productRef = C23B5479288D57DC006EB4B2 /* KeychainAccess */; };
		C23B547D288D5FBD006EB4B2 /* EncryptedAppStorage in Frameworks */ = {isa = PBXBuildFile; productRef = C23B547C288D5FBD006EB4B2 /* EncryptedAppStorage */; };
		C23B549B288EBA78006EB4B2 /* Sidebar.swift in Sources */ = {isa = PBXBuildFile; fileRef = C23B549A288EBA78006EB4B2 /* Sidebar.swift */; };
		C23B54A3288F1085006EB4B2 /* SwiftCSV in Frameworks */ = {isa = PBXBuildFile; productRef = C23B54A2288F1085006EB4B2 /* SwiftCSV */; };
		C23B54AC288F3617006EB4B2 /* SupportItemable.swift in Sources */ = {isa = PBXBuildFile; fileRef = C23B54A5288F3616006EB4B2 /* SupportItemable.swift */; };
		C23B54AD288F3617006EB4B2 /* SupportItems.swift in Sources */ = {isa = PBXBuildFile; fileRef = C23B54A6288F3616006EB4B2 /* SupportItems.swift */; };
		C23B54AE288F3617006EB4B2 /* SupportLanding.swift in Sources */ = {isa = PBXBuildFile; fileRef = C23B54A7288F3617006EB4B2 /* SupportLanding.swift */; };
		C23B54AF288F3617006EB4B2 /* SupportSectionDetailView.swift in Sources */ = {isa = PBXBuildFile; fileRef = C23B54A8288F3617006EB4B2 /* SupportSectionDetailView.swift */; };
		C23B54B0288F3617006EB4B2 /* FAQItem.swift in Sources */ = {isa = PBXBuildFile; fileRef = C23B54A9288F3617006EB4B2 /* FAQItem.swift */; };
		C23B54B1288F3617006EB4B2 /* SupportScreen.swift in Sources */ = {isa = PBXBuildFile; fileRef = C23B54AA288F3617006EB4B2 /* SupportScreen.swift */; };
		C23B54B2288F3617006EB4B2 /* SupportFetcher.swift in Sources */ = {isa = PBXBuildFile; fileRef = C23B54AB288F3617006EB4B2 /* SupportFetcher.swift */; };
		C23B54B428900023006EB4B2 /* IAPManager.swift in Sources */ = {isa = PBXBuildFile; fileRef = C23B54B328900023006EB4B2 /* IAPManager.swift */; };
		C23B54B62890012D006EB4B2 /* Supernova.swift in Sources */ = {isa = PBXBuildFile; fileRef = C23B54B52890012D006EB4B2 /* Supernova.swift */; };
		C23B54F028901933006EB4B2 /* SuperstarApp.swift in Sources */ = {isa = PBXBuildFile; fileRef = C23B54EF28901933006EB4B2 /* SuperstarApp.swift */; };
		C23B54F228901933006EB4B2 /* ContentView.swift in Sources */ = {isa = PBXBuildFile; fileRef = C23B54F128901933006EB4B2 /* ContentView.swift */; };
		C23B54F428901934006EB4B2 /* Assets.xcassets in Resources */ = {isa = PBXBuildFile; fileRef = C23B54F328901934006EB4B2 /* Assets.xcassets */; };
		C23B54F728901934006EB4B2 /* Preview Assets.xcassets in Resources */ = {isa = PBXBuildFile; fileRef = C23B54F628901934006EB4B2 /* Preview Assets.xcassets */; };
		C23B54FD28901941006EB4B2 /* AppStoreConnect-Swift-SDK in Frameworks */ = {isa = PBXBuildFile; productRef = C23B54FC28901941006EB4B2 /* AppStoreConnect-Swift-SDK */; };
		C245B4712884ACF700ABE387 /* SuperstarApp.swift in Sources */ = {isa = PBXBuildFile; fileRef = C245B4602884ACF600ABE387 /* SuperstarApp.swift */; };
		C245B4732884ACF700ABE387 /* ContentView.swift in Sources */ = {isa = PBXBuildFile; fileRef = C245B4612884ACF600ABE387 /* ContentView.swift */; };
		C245B4752884ACF700ABE387 /* Assets.xcassets in Resources */ = {isa = PBXBuildFile; fileRef = C245B4622884ACF700ABE387 /* Assets.xcassets */; };
		C245B4812884AD7100ABE387 /* Menubar.swift in Sources */ = {isa = PBXBuildFile; fileRef = C245B47F2884AD3000ABE387 /* Menubar.swift */; };
		C245B4882884AE0B00ABE387 /* CredentialsManager.swift in Sources */ = {isa = PBXBuildFile; fileRef = C245B4852884AE0B00ABE387 /* CredentialsManager.swift */; };
		C245B4892884AE0B00ABE387 /* AppsManager.swift in Sources */ = {isa = PBXBuildFile; fileRef = C245B4862884AE0B00ABE387 /* AppsManager.swift */; };
		C245B48A2884AE0B00ABE387 /* ReviewManager.swift in Sources */ = {isa = PBXBuildFile; fileRef = C245B4872884AE0B00ABE387 /* ReviewManager.swift */; };
		C245B4932884AE8700ABE387 /* AddCredentialsView.swift in Sources */ = {isa = PBXBuildFile; fileRef = C245B48E2884AE8700ABE387 /* AddCredentialsView.swift */; };
		C245B4942884AE8700ABE387 /* FullAppView.swift in Sources */ = {isa = PBXBuildFile; fileRef = C245B48F2884AE8700ABE387 /* FullAppView.swift */; };
		C245B4952884AE8700ABE387 /* AppDetailView.swift in Sources */ = {isa = PBXBuildFile; fileRef = C245B4902884AE8700ABE387 /* AppDetailView.swift */; };
		C245B4962884AE8700ABE387 /* SuggestionsConfigView.swift in Sources */ = {isa = PBXBuildFile; fileRef = C245B4912884AE8700ABE387 /* SuggestionsConfigView.swift */; };
		C245B4972884AE8700ABE387 /* DetailReviewView.swift in Sources */ = {isa = PBXBuildFile; fileRef = C245B4922884AE8700ABE387 /* DetailReviewView.swift */; };
		C245B49A2884B02100ABE387 /* SettingsSheet.swift in Sources */ = {isa = PBXBuildFile; fileRef = C245B4992884B02100ABE387 /* SettingsSheet.swift */; };
		C245B49C2885513600ABE387 /* EmptyStateView.swift in Sources */ = {isa = PBXBuildFile; fileRef = C245B49B2885513600ABE387 /* EmptyStateView.swift */; };
		C279A0AB2894297D00B62A87 /* SuggestionView.swift in Sources */ = {isa = PBXBuildFile; fileRef = C279A0AA2894297D00B62A87 /* SuggestionView.swift */; };
		C279A0AD2895571600B62A87 /* ReviewSortOrder.swift in Sources */ = {isa = PBXBuildFile; fileRef = C279A0AC2895571600B62A87 /* ReviewSortOrder.swift */; };
		C290EACB289142A30001358C /* SettingsPage.swift in Sources */ = {isa = PBXBuildFile; fileRef = C290EACA289142A30001358C /* SettingsPage.swift */; };
		C290EACD289142E20001358C /* AppReviewsList.swift in Sources */ = {isa = PBXBuildFile; fileRef = C290EACC289142E20001358C /* AppReviewsList.swift */; };
		C290EAEC289153400001358C /* PreferencesView.swift in Sources */ = {isa = PBXBuildFile; fileRef = C290EAEB289153400001358C /* PreferencesView.swift */; };
/* End PBXBuildFile section */

/* Begin PBXFileReference section */
		8035DDBD28E3020E009037C9 /* WebViews.swift */ = {isa = PBXFileReference; lastKnownFileType = sourcecode.swift; path = WebViews.swift; sourceTree = "<group>"; };
		8035DDC028E3024B009037C9 /* DeepL.swift */ = {isa = PBXFileReference; lastKnownFileType = sourcecode.swift; path = DeepL.swift; sourceTree = "<group>"; };
		8035DDC428E308C8009037C9 /* ReviewTitle.swift */ = {isa = PBXFileReference; lastKnownFileType = sourcecode.swift; path = ReviewTitle.swift; sourceTree = "<group>"; };
		8035DDC628E30921009037C9 /* ReviewMetadata.swift */ = {isa = PBXFileReference; lastKnownFileType = sourcecode.swift; path = ReviewMetadata.swift; sourceTree = "<group>"; };
		8035DDC828E30950009037C9 /* ReviewReplyArea.swift */ = {isa = PBXFileReference; lastKnownFileType = sourcecode.swift; path = ReviewReplyArea.swift; sourceTree = "<group>"; };
		8035DDCA28E30BF1009037C9 /* ReviewSuggestionsPicker.swift */ = {isa = PBXFileReference; lastKnownFileType = sourcecode.swift; path = ReviewSuggestionsPicker.swift; sourceTree = "<group>"; };
		8035DDCC28E30CB6009037C9 /* ReviewRatingView.swift */ = {isa = PBXFileReference; lastKnownFileType = sourcecode.swift; path = ReviewRatingView.swift; sourceTree = "<group>"; };
		C23B545D2889AC0D006EB4B2 /* MenuBarView.swift */ = {isa = PBXFileReference; lastKnownFileType = sourcecode.swift; path = MenuBarView.swift; sourceTree = "<group>"; };
		C23B54602889AFB2006EB4B2 /* MenuAppsSelector.swift */ = {isa = PBXFileReference; lastKnownFileType = sourcecode.swift; path = MenuAppsSelector.swift; sourceTree = "<group>"; };
		C23B54622889B0E5006EB4B2 /* MenuBarHeader.swift */ = {isa = PBXFileReference; lastKnownFileType = sourcecode.swift; path = MenuBarHeader.swift; sourceTree = "<group>"; };
		C23B54642889B601006EB4B2 /* MenuBarReview.swift */ = {isa = PBXFileReference; lastKnownFileType = sourcecode.swift; path = MenuBarReview.swift; sourceTree = "<group>"; };
		C23B54662889FBDF006EB4B2 /* FullReviewSide.swift */ = {isa = PBXFileReference; lastKnownFileType = sourcecode.swift; path = FullReviewSide.swift; sourceTree = "<group>"; };
		C23B5469288B017D006EB4B2 /* TerritoryCode+Extensions.swift */ = {isa = PBXFileReference; lastKnownFileType = sourcecode.swift; path = "TerritoryCode+Extensions.swift"; sourceTree = "<group>"; };
		C23B546B288B01C1006EB4B2 /* Suggestion.swift */ = {isa = PBXFileReference; lastKnownFileType = sourcecode.swift; path = Suggestion.swift; sourceTree = "<group>"; };
		C23B5471288B57B7006EB4B2 /* ImageAsset+Extensions.swift */ = {isa = PBXFileReference; lastKnownFileType = sourcecode.swift; path = "ImageAsset+Extensions.swift"; sourceTree = "<group>"; };
		C23B5474288C77B6006EB4B2 /* CachedAsyncImage.swift */ = {isa = PBXFileReference; lastKnownFileType = sourcecode.swift; path = CachedAsyncImage.swift; sourceTree = "<group>"; };
		C23B549A288EBA78006EB4B2 /* Sidebar.swift */ = {isa = PBXFileReference; lastKnownFileType = sourcecode.swift; path = Sidebar.swift; sourceTree = "<group>"; };
		C23B54A5288F3616006EB4B2 /* SupportItemable.swift */ = {isa = PBXFileReference; fileEncoding = 4; lastKnownFileType = sourcecode.swift; path = SupportItemable.swift; sourceTree = "<group>"; };
		C23B54A6288F3616006EB4B2 /* SupportItems.swift */ = {isa = PBXFileReference; fileEncoding = 4; lastKnownFileType = sourcecode.swift; path = SupportItems.swift; sourceTree = "<group>"; };
		C23B54A7288F3617006EB4B2 /* SupportLanding.swift */ = {isa = PBXFileReference; fileEncoding = 4; lastKnownFileType = sourcecode.swift; path = SupportLanding.swift; sourceTree = "<group>"; };
		C23B54A8288F3617006EB4B2 /* SupportSectionDetailView.swift */ = {isa = PBXFileReference; fileEncoding = 4; lastKnownFileType = sourcecode.swift; path = SupportSectionDetailView.swift; sourceTree = "<group>"; };
		C23B54A9288F3617006EB4B2 /* FAQItem.swift */ = {isa = PBXFileReference; fileEncoding = 4; lastKnownFileType = sourcecode.swift; path = FAQItem.swift; sourceTree = "<group>"; };
		C23B54AA288F3617006EB4B2 /* SupportScreen.swift */ = {isa = PBXFileReference; fileEncoding = 4; lastKnownFileType = sourcecode.swift; path = SupportScreen.swift; sourceTree = "<group>"; };
		C23B54AB288F3617006EB4B2 /* SupportFetcher.swift */ = {isa = PBXFileReference; fileEncoding = 4; lastKnownFileType = sourcecode.swift; path = SupportFetcher.swift; sourceTree = "<group>"; };
		C23B54B328900023006EB4B2 /* IAPManager.swift */ = {isa = PBXFileReference; lastKnownFileType = sourcecode.swift; path = IAPManager.swift; sourceTree = "<group>"; };
		C23B54B52890012D006EB4B2 /* Supernova.swift */ = {isa = PBXFileReference; lastKnownFileType = sourcecode.swift; path = Supernova.swift; sourceTree = "<group>"; };
		C23B54ED28901933006EB4B2 /* Superstar.app */ = {isa = PBXFileReference; explicitFileType = wrapper.application; includeInIndex = 0; path = Superstar.app; sourceTree = BUILT_PRODUCTS_DIR; };
		C23B54EF28901933006EB4B2 /* SuperstarApp.swift */ = {isa = PBXFileReference; lastKnownFileType = sourcecode.swift; path = SuperstarApp.swift; sourceTree = "<group>"; };
		C23B54F128901933006EB4B2 /* ContentView.swift */ = {isa = PBXFileReference; lastKnownFileType = sourcecode.swift; path = ContentView.swift; sourceTree = "<group>"; };
		C23B54F328901934006EB4B2 /* Assets.xcassets */ = {isa = PBXFileReference; lastKnownFileType = folder.assetcatalog; path = Assets.xcassets; sourceTree = "<group>"; };
		C23B54F628901934006EB4B2 /* Preview Assets.xcassets */ = {isa = PBXFileReference; lastKnownFileType = folder.assetcatalog; path = "Preview Assets.xcassets"; sourceTree = "<group>"; };
		C245B4602884ACF600ABE387 /* SuperstarApp.swift */ = {isa = PBXFileReference; lastKnownFileType = sourcecode.swift; path = SuperstarApp.swift; sourceTree = "<group>"; };
		C245B4612884ACF600ABE387 /* ContentView.swift */ = {isa = PBXFileReference; lastKnownFileType = sourcecode.swift; path = ContentView.swift; sourceTree = "<group>"; };
		C245B4622884ACF700ABE387 /* Assets.xcassets */ = {isa = PBXFileReference; lastKnownFileType = folder.assetcatalog; path = Assets.xcassets; sourceTree = "<group>"; };
		C245B46D2884ACF700ABE387 /* Superstar.app */ = {isa = PBXFileReference; explicitFileType = wrapper.application; includeInIndex = 0; path = Superstar.app; sourceTree = BUILT_PRODUCTS_DIR; };
		C245B46F2884ACF700ABE387 /* macOS.entitlements */ = {isa = PBXFileReference; lastKnownFileType = text.plist.entitlements; path = macOS.entitlements; sourceTree = "<group>"; };
		C245B47F2884AD3000ABE387 /* Menubar.swift */ = {isa = PBXFileReference; lastKnownFileType = sourcecode.swift; path = Menubar.swift; sourceTree = "<group>"; };
		C245B4852884AE0B00ABE387 /* CredentialsManager.swift */ = {isa = PBXFileReference; fileEncoding = 4; lastKnownFileType = sourcecode.swift; path = CredentialsManager.swift; sourceTree = "<group>"; };
		C245B4862884AE0B00ABE387 /* AppsManager.swift */ = {isa = PBXFileReference; fileEncoding = 4; lastKnownFileType = sourcecode.swift; path = AppsManager.swift; sourceTree = "<group>"; };
		C245B4872884AE0B00ABE387 /* ReviewManager.swift */ = {isa = PBXFileReference; fileEncoding = 4; lastKnownFileType = sourcecode.swift; path = ReviewManager.swift; sourceTree = "<group>"; };
		C245B48E2884AE8700ABE387 /* AddCredentialsView.swift */ = {isa = PBXFileReference; fileEncoding = 4; lastKnownFileType = sourcecode.swift; path = AddCredentialsView.swift; sourceTree = "<group>"; };
		C245B48F2884AE8700ABE387 /* FullAppView.swift */ = {isa = PBXFileReference; fileEncoding = 4; lastKnownFileType = sourcecode.swift; path = FullAppView.swift; sourceTree = "<group>"; };
		C245B4902884AE8700ABE387 /* AppDetailView.swift */ = {isa = PBXFileReference; fileEncoding = 4; lastKnownFileType = sourcecode.swift; path = AppDetailView.swift; sourceTree = "<group>"; };
		C245B4912884AE8700ABE387 /* SuggestionsConfigView.swift */ = {isa = PBXFileReference; fileEncoding = 4; lastKnownFileType = sourcecode.swift; path = SuggestionsConfigView.swift; sourceTree = "<group>"; };
		C245B4922884AE8700ABE387 /* DetailReviewView.swift */ = {isa = PBXFileReference; fileEncoding = 4; lastKnownFileType = sourcecode.swift; path = DetailReviewView.swift; sourceTree = "<group>"; };
		C245B4992884B02100ABE387 /* SettingsSheet.swift */ = {isa = PBXFileReference; lastKnownFileType = sourcecode.swift; path = SettingsSheet.swift; sourceTree = "<group>"; };
		C245B49B2885513600ABE387 /* EmptyStateView.swift */ = {isa = PBXFileReference; lastKnownFileType = sourcecode.swift; path = EmptyStateView.swift; sourceTree = "<group>"; };
		C279A0AA2894297D00B62A87 /* SuggestionView.swift */ = {isa = PBXFileReference; lastKnownFileType = sourcecode.swift; path = SuggestionView.swift; sourceTree = "<group>"; };
		C279A0AC2895571600B62A87 /* ReviewSortOrder.swift */ = {isa = PBXFileReference; lastKnownFileType = sourcecode.swift; path = ReviewSortOrder.swift; sourceTree = "<group>"; };
		C290EACA289142A30001358C /* SettingsPage.swift */ = {isa = PBXFileReference; lastKnownFileType = sourcecode.swift; path = SettingsPage.swift; sourceTree = "<group>"; };
		C290EACC289142E20001358C /* AppReviewsList.swift */ = {isa = PBXFileReference; lastKnownFileType = sourcecode.swift; path = AppReviewsList.swift; sourceTree = "<group>"; };
		C290EAEB289153400001358C /* PreferencesView.swift */ = {isa = PBXFileReference; lastKnownFileType = sourcecode.swift; path = PreferencesView.swift; sourceTree = "<group>"; };
/* End PBXFileReference section */

/* Begin PBXFrameworksBuildPhase section */
		C23B54EA28901933006EB4B2 /* Frameworks */ = {
			isa = PBXFrameworksBuildPhase;
			buildActionMask = 2147483647;
			files = (
				C23B54FD28901941006EB4B2 /* AppStoreConnect-Swift-SDK in Frameworks */,
			);
			runOnlyForDeploymentPostprocessing = 0;
		};
		C245B46A2884ACF700ABE387 /* Frameworks */ = {
			isa = PBXFrameworksBuildPhase;
			buildActionMask = 2147483647;
			files = (
				C23B547A288D57DC006EB4B2 /* KeychainAccess in Frameworks */,
				C23B54A3288F1085006EB4B2 /* SwiftCSV in Frameworks */,
				C23B547D288D5FBD006EB4B2 /* EncryptedAppStorage in Frameworks */,
				C23B5470288B0766006EB4B2 /* AppStoreConnect-Swift-SDK in Frameworks */,
			);
			runOnlyForDeploymentPostprocessing = 0;
		};
/* End PBXFrameworksBuildPhase section */

/* Begin PBXGroup section */
		8035DDBC28E301FC009037C9 /* Views */ = {
			isa = PBXGroup;
			children = (
				8035DDBD28E3020E009037C9 /* WebViews.swift */,
				8035DDC428E308C8009037C9 /* ReviewTitle.swift */,
				8035DDC628E30921009037C9 /* ReviewMetadata.swift */,
				8035DDC828E30950009037C9 /* ReviewReplyArea.swift */,
				8035DDCA28E30BF1009037C9 /* ReviewSuggestionsPicker.swift */,
				8035DDCC28E30CB6009037C9 /* ReviewRatingView.swift */,
			);
			path = Views;
			sourceTree = "<group>";
		};
		8035DDBF28E30232009037C9 /* Classes */ = {
			isa = PBXGroup;
			children = (
				8035DDC028E3024B009037C9 /* DeepL.swift */,
			);
			path = Classes;
			sourceTree = "<group>";
		};
		C23B545B28899F27006EB4B2 /* Detail */ = {
			isa = PBXGroup;
			children = (
				C245B4902884AE8700ABE387 /* AppDetailView.swift */,
				C290EACC289142E20001358C /* AppReviewsList.swift */,
				C23B545C28899F2F006EB4B2 /* Review */,
			);
			path = Detail;
			sourceTree = "<group>";
		};
		C23B545C28899F2F006EB4B2 /* Review */ = {
			isa = PBXGroup;
			children = (
				8035DDBF28E30232009037C9 /* Classes */,
				8035DDBC28E301FC009037C9 /* Views */,
				C245B4922884AE8700ABE387 /* DetailReviewView.swift */,
				C23B54662889FBDF006EB4B2 /* FullReviewSide.swift */,
				C279A0AA2894297D00B62A87 /* SuggestionView.swift */,
			);
			path = Review;
			sourceTree = "<group>";
		};
		C23B545F2889AFA4006EB4B2 /* MenuBarView */ = {
			isa = PBXGroup;
			children = (
				C23B545D2889AC0D006EB4B2 /* MenuBarView.swift */,
				C23B54602889AFB2006EB4B2 /* MenuAppsSelector.swift */,
				C23B54622889B0E5006EB4B2 /* MenuBarHeader.swift */,
				C23B54642889B601006EB4B2 /* MenuBarReview.swift */,
			);
			path = MenuBarView;
			sourceTree = "<group>";
		};
		C23B5468288B016B006EB4B2 /* Model */ = {
			isa = PBXGroup;
			children = (
				C23B5469288B017D006EB4B2 /* TerritoryCode+Extensions.swift */,
				C279A0AC2895571600B62A87 /* ReviewSortOrder.swift */,
				C23B546B288B01C1006EB4B2 /* Suggestion.swift */,
				C290EACA289142A30001358C /* SettingsPage.swift */,
			);
			path = Model;
			sourceTree = "<group>";
		};
		C23B5473288C77A8006EB4B2 /* Extensions */ = {
			isa = PBXGroup;
			children = (
				C23B5474288C77B6006EB4B2 /* CachedAsyncImage.swift */,
			);
			path = Extensions;
			sourceTree = "<group>";
		};
		C23B54A4288F360D006EB4B2 /* Support */ = {
			isa = PBXGroup;
			children = (
				C23B54A9288F3617006EB4B2 /* FAQItem.swift */,
				C23B54AB288F3617006EB4B2 /* SupportFetcher.swift */,
				C23B54A5288F3616006EB4B2 /* SupportItemable.swift */,
				C23B54A6288F3616006EB4B2 /* SupportItems.swift */,
				C23B54A7288F3617006EB4B2 /* SupportLanding.swift */,
				C23B54AA288F3617006EB4B2 /* SupportScreen.swift */,
				C23B54A8288F3617006EB4B2 /* SupportSectionDetailView.swift */,
			);
			path = Support;
			sourceTree = "<group>";
		};
		C23B54EE28901933006EB4B2 /* Superstar */ = {
			isa = PBXGroup;
			children = (
				C23B54EF28901933006EB4B2 /* SuperstarApp.swift */,
				C23B54F128901933006EB4B2 /* ContentView.swift */,
				C23B54F328901934006EB4B2 /* Assets.xcassets */,
				C23B54F528901934006EB4B2 /* Preview Content */,
			);
			path = Superstar;
			sourceTree = "<group>";
		};
		C23B54F528901934006EB4B2 /* Preview Content */ = {
			isa = PBXGroup;
			children = (
				C23B54F628901934006EB4B2 /* Preview Assets.xcassets */,
			);
			path = "Preview Content";
			sourceTree = "<group>";
		};
		C23B54FB28901941006EB4B2 /* Frameworks */ = {
			isa = PBXGroup;
			children = (
			);
			name = Frameworks;
			sourceTree = "<group>";
		};
		C245B45A2884ACF600ABE387 = {
			isa = PBXGroup;
			children = (
				C245B4822884AD7D00ABE387 /* macOS */,
				C245B45F2884ACF600ABE387 /* Shared */,
				C245B46E2884ACF700ABE387 /* macOS */,
				C23B54EE28901933006EB4B2 /* Superstar */,
				C245B4682884ACF700ABE387 /* Products */,
				C23B54FB28901941006EB4B2 /* Frameworks */,
			);
			sourceTree = "<group>";
		};
		C245B45F2884ACF600ABE387 /* Shared */ = {
			isa = PBXGroup;
			children = (
				C245B4602884ACF600ABE387 /* SuperstarApp.swift */,
				C23B5471288B57B7006EB4B2 /* ImageAsset+Extensions.swift */,
				C245B4612884ACF600ABE387 /* ContentView.swift */,
				C23B5473288C77A8006EB4B2 /* Extensions */,
				C23B5468288B016B006EB4B2 /* Model */,
				C245B49B2885513600ABE387 /* EmptyStateView.swift */,
				C245B4842884AE0000ABE387 /* Managers */,
				C245B4622884ACF700ABE387 /* Assets.xcassets */,
			);
			path = Shared;
			sourceTree = "<group>";
		};
		C245B4682884ACF700ABE387 /* Products */ = {
			isa = PBXGroup;
			children = (
				C245B46D2884ACF700ABE387 /* Superstar.app */,
				C23B54ED28901933006EB4B2 /* Superstar.app */,
			);
			name = Products;
			sourceTree = "<group>";
		};
		C245B46E2884ACF700ABE387 /* macOS */ = {
			isa = PBXGroup;
			children = (
				C245B46F2884ACF700ABE387 /* macOS.entitlements */,
			);
			path = macOS;
			sourceTree = "<group>";
		};
		C245B47E2884AD2B00ABE387 /* Menubar */ = {
			isa = PBXGroup;
			children = (
				C245B47F2884AD3000ABE387 /* Menubar.swift */,
				C23B545F2889AFA4006EB4B2 /* MenuBarView */,
			);
			path = Menubar;
			sourceTree = "<group>";
		};
		C245B4822884AD7D00ABE387 /* macOS */ = {
			isa = PBXGroup;
			children = (
				C23B54A4288F360D006EB4B2 /* Support */,
				C245B47E2884AD2B00ABE387 /* Menubar */,
				C245B4832884AD8400ABE387 /* main */,
			);
			name = macOS;
			path = Shared/macOS;
			sourceTree = "<group>";
		};
		C245B4832884AD8400ABE387 /* main */ = {
			isa = PBXGroup;
			children = (
				C245B48F2884AE8700ABE387 /* FullAppView.swift */,
				C23B549A288EBA78006EB4B2 /* Sidebar.swift */,
				C23B545B28899F27006EB4B2 /* Detail */,
				C245B4982884B01500ABE387 /* Sheets */,
			);
			path = main;
			sourceTree = "<group>";
		};
		C245B4842884AE0000ABE387 /* Managers */ = {
			isa = PBXGroup;
			children = (
				C245B4862884AE0B00ABE387 /* AppsManager.swift */,
				C245B4852884AE0B00ABE387 /* CredentialsManager.swift */,
				C23B54B328900023006EB4B2 /* IAPManager.swift */,
				C245B4872884AE0B00ABE387 /* ReviewManager.swift */,
			);
			path = Managers;
			sourceTree = "<group>";
		};
		C245B4982884B01500ABE387 /* Sheets */ = {
			isa = PBXGroup;
			children = (
				C245B48E2884AE8700ABE387 /* AddCredentialsView.swift */,
				C290EAEB289153400001358C /* PreferencesView.swift */,
				C245B4992884B02100ABE387 /* SettingsSheet.swift */,
				C245B4912884AE8700ABE387 /* SuggestionsConfigView.swift */,
				C23B54B52890012D006EB4B2 /* Supernova.swift */,
			);
			path = Sheets;
			sourceTree = "<group>";
		};
/* End PBXGroup section */

/* Begin PBXNativeTarget section */
		C23B54EC28901933006EB4B2 /* Superstar */ = {
			isa = PBXNativeTarget;
			buildConfigurationList = C23B54FA28901934006EB4B2 /* Build configuration list for PBXNativeTarget "Superstar" */;
			buildPhases = (
				C23B54E928901933006EB4B2 /* Sources */,
				C23B54EA28901933006EB4B2 /* Frameworks */,
				C23B54EB28901933006EB4B2 /* Resources */,
			);
			buildRules = (
			);
			dependencies = (
			);
			name = Superstar;
			packageProductDependencies = (
				C23B54FC28901941006EB4B2 /* AppStoreConnect-Swift-SDK */,
			);
			productName = Superstar;
			productReference = C23B54ED28901933006EB4B2 /* Superstar.app */;
			productType = "com.apple.product-type.application";
		};
		C245B46C2884ACF700ABE387 /* Superstar (macOS) */ = {
			isa = PBXNativeTarget;
			buildConfigurationList = C245B47B2884ACF700ABE387 /* Build configuration list for PBXNativeTarget "Superstar (macOS)" */;
			buildPhases = (
				C245B4692884ACF700ABE387 /* Sources */,
				C245B46A2884ACF700ABE387 /* Frameworks */,
				C245B46B2884ACF700ABE387 /* Resources */,
			);
			buildRules = (
			);
			dependencies = (
			);
			name = "Superstar (macOS)";
			packageProductDependencies = (
				C23B546F288B0766006EB4B2 /* AppStoreConnect-Swift-SDK */,
				C23B5479288D57DC006EB4B2 /* KeychainAccess */,
				C23B547C288D5FBD006EB4B2 /* EncryptedAppStorage */,
				C23B54A2288F1085006EB4B2 /* SwiftCSV */,
			);
			productName = "Superstar (macOS)";
			productReference = C245B46D2884ACF700ABE387 /* Superstar.app */;
			productType = "com.apple.product-type.application";
		};
/* End PBXNativeTarget section */

/* Begin PBXProject section */
		C245B45B2884ACF600ABE387 /* Project object */ = {
			isa = PBXProject;
			attributes = {
				BuildIndependentTargetsInParallel = 1;
				LastSwiftUpdateCheck = 1330;
				LastUpgradeCheck = 1330;
				TargetAttributes = {
					C23B54EC28901933006EB4B2 = {
						CreatedOnToolsVersion = 13.3;
					};
					C245B46C2884ACF700ABE387 = {
						CreatedOnToolsVersion = 13.3;
					};
				};
			};
			buildConfigurationList = C245B45E2884ACF600ABE387 /* Build configuration list for PBXProject "Superstar" */;
			compatibilityVersion = "Xcode 13.0";
			developmentRegion = en;
			hasScannedForEncodings = 0;
			knownRegions = (
				en,
				Base,
			);
			mainGroup = C245B45A2884ACF600ABE387;
			packageReferences = (
				C23B546E288B0766006EB4B2 /* XCRemoteSwiftPackageReference "appstoreconnect-swift-sdk" */,
				C23B5478288D57DC006EB4B2 /* XCRemoteSwiftPackageReference "KeychainAccess" */,
				C23B547B288D5FBD006EB4B2 /* XCRemoteSwiftPackageReference "EncryptedAppStorage" */,
				C23B54A1288F1085006EB4B2 /* XCRemoteSwiftPackageReference "SwiftCSV" */,
				C2F6076628D928E9003380A9 /* XCRemoteSwiftPackageReference "DeepL-Swift" */,
			);
			productRefGroup = C245B4682884ACF700ABE387 /* Products */;
			projectDirPath = "";
			projectRoot = "";
			targets = (
				C245B46C2884ACF700ABE387 /* Superstar (macOS) */,
				C23B54EC28901933006EB4B2 /* Superstar */,
			);
		};
/* End PBXProject section */

/* Begin PBXResourcesBuildPhase section */
		C23B54EB28901933006EB4B2 /* Resources */ = {
			isa = PBXResourcesBuildPhase;
			buildActionMask = 2147483647;
			files = (
				C23B54F728901934006EB4B2 /* Preview Assets.xcassets in Resources */,
				C23B54F428901934006EB4B2 /* Assets.xcassets in Resources */,
			);
			runOnlyForDeploymentPostprocessing = 0;
		};
		C245B46B2884ACF700ABE387 /* Resources */ = {
			isa = PBXResourcesBuildPhase;
			buildActionMask = 2147483647;
			files = (
				C245B4752884ACF700ABE387 /* Assets.xcassets in Resources */,
			);
			runOnlyForDeploymentPostprocessing = 0;
		};
/* End PBXResourcesBuildPhase section */

/* Begin PBXSourcesBuildPhase section */
		C23B54E928901933006EB4B2 /* Sources */ = {
			isa = PBXSourcesBuildPhase;
			buildActionMask = 2147483647;
			files = (
				C23B54F228901933006EB4B2 /* ContentView.swift in Sources */,
				C23B54F028901933006EB4B2 /* SuperstarApp.swift in Sources */,
			);
			runOnlyForDeploymentPostprocessing = 0;
		};
		C245B4692884ACF700ABE387 /* Sources */ = {
			isa = PBXSourcesBuildPhase;
			buildActionMask = 2147483647;
			files = (
				8035DDCB28E30BF1009037C9 /* ReviewSuggestionsPicker.swift in Sources */,
				C245B49A2884B02100ABE387 /* SettingsSheet.swift in Sources */,
				8035DDC928E30950009037C9 /* ReviewReplyArea.swift in Sources */,
				C23B54632889B0E5006EB4B2 /* MenuBarHeader.swift in Sources */,
				C245B4972884AE8700ABE387 /* DetailReviewView.swift in Sources */,
				C23B5472288B57B7006EB4B2 /* ImageAsset+Extensions.swift in Sources */,
				C245B4882884AE0B00ABE387 /* CredentialsManager.swift in Sources */,
				C23B54AD288F3617006EB4B2 /* SupportItems.swift in Sources */,
				C245B4732884ACF700ABE387 /* ContentView.swift in Sources */,
				C23B5475288C77B6006EB4B2 /* CachedAsyncImage.swift in Sources */,
				C23B54652889B601006EB4B2 /* MenuBarReview.swift in Sources */,
				C23B54AC288F3617006EB4B2 /* SupportItemable.swift in Sources */,
				C279A0AB2894297D00B62A87 /* SuggestionView.swift in Sources */,
				C23B54612889AFB2006EB4B2 /* MenuAppsSelector.swift in Sources */,
				C290EACD289142E20001358C /* AppReviewsList.swift in Sources */,
				C290EAEC289153400001358C /* PreferencesView.swift in Sources */,
				8035DDC728E30921009037C9 /* ReviewMetadata.swift in Sources */,
				C245B4892884AE0B00ABE387 /* AppsManager.swift in Sources */,
				C23B54B428900023006EB4B2 /* IAPManager.swift in Sources */,
				C23B54B62890012D006EB4B2 /* Supernova.swift in Sources */,
				C23B54B1288F3617006EB4B2 /* SupportScreen.swift in Sources */,
				C245B49C2885513600ABE387 /* EmptyStateView.swift in Sources */,
				C245B4942884AE8700ABE387 /* FullAppView.swift in Sources */,
				C245B4952884AE8700ABE387 /* AppDetailView.swift in Sources */,
				C23B54B0288F3617006EB4B2 /* FAQItem.swift in Sources */,
				C23B54B2288F3617006EB4B2 /* SupportFetcher.swift in Sources */,
				C245B48A2884AE0B00ABE387 /* ReviewManager.swift in Sources */,
				8035DDC528E308C8009037C9 /* ReviewTitle.swift in Sources */,
				C23B545E2889AC0D006EB4B2 /* MenuBarView.swift in Sources */,
				C279A0AD2895571600B62A87 /* ReviewSortOrder.swift in Sources */,
				C23B54AE288F3617006EB4B2 /* SupportLanding.swift in Sources */,
				C245B4962884AE8700ABE387 /* SuggestionsConfigView.swift in Sources */,
				C245B4712884ACF700ABE387 /* SuperstarApp.swift in Sources */,
				8035DDBE28E3020E009037C9 /* WebViews.swift in Sources */,
				C245B4932884AE8700ABE387 /* AddCredentialsView.swift in Sources */,
				C245B4812884AD7100ABE387 /* Menubar.swift in Sources */,
				C290EACB289142A30001358C /* SettingsPage.swift in Sources */,
				C23B54672889FBDF006EB4B2 /* FullReviewSide.swift in Sources */,
				C23B54AF288F3617006EB4B2 /* SupportSectionDetailView.swift in Sources */,
				C23B549B288EBA78006EB4B2 /* Sidebar.swift in Sources */,
				8035DDC128E3024B009037C9 /* DeepL.swift in Sources */,
				C23B546A288B017D006EB4B2 /* TerritoryCode+Extensions.swift in Sources */,
				C23B546C288B01C1006EB4B2 /* Suggestion.swift in Sources */,
				8035DDCD28E30CB6009037C9 /* ReviewRatingView.swift in Sources */,
			);
			runOnlyForDeploymentPostprocessing = 0;
		};
/* End PBXSourcesBuildPhase section */

/* Begin XCBuildConfiguration section */
		C23B54F828901934006EB4B2 /* Debug */ = {
			isa = XCBuildConfiguration;
			buildSettings = {
				ASSETCATALOG_COMPILER_APPICON_NAME = AppIcon;
				ASSETCATALOG_COMPILER_GLOBAL_ACCENT_COLOR_NAME = AccentColor;
				CODE_SIGN_STYLE = Automatic;
				CURRENT_PROJECT_VERSION = 1;
				DEVELOPMENT_ASSET_PATHS = "\"Superstar/Preview Content\"";
				DEVELOPMENT_TEAM = 8Q7TMPA46J;
				ENABLE_PREVIEWS = YES;
				GENERATE_INFOPLIST_FILE = YES;
				INFOPLIST_KEY_UIApplicationSceneManifest_Generation = YES;
				INFOPLIST_KEY_UIApplicationSupportsIndirectInputEvents = YES;
				INFOPLIST_KEY_UILaunchScreen_Generation = YES;
				INFOPLIST_KEY_UISupportedInterfaceOrientations_iPad = "UIInterfaceOrientationPortrait UIInterfaceOrientationPortraitUpsideDown UIInterfaceOrientationLandscapeLeft UIInterfaceOrientationLandscapeRight";
				INFOPLIST_KEY_UISupportedInterfaceOrientations_iPhone = "UIInterfaceOrientationPortrait UIInterfaceOrientationLandscapeLeft UIInterfaceOrientationLandscapeRight";
				IPHONEOS_DEPLOYMENT_TARGET = 15.4;
				LD_RUNPATH_SEARCH_PATHS = (
					"$(inherited)",
					"@executable_path/Frameworks",
				);
				MARKETING_VERSION = 1.0;
				PRODUCT_BUNDLE_IDENTIFIER = com.goodsnooze.Superstar;
				PRODUCT_NAME = "$(TARGET_NAME)";
				SDKROOT = iphoneos;
				SWIFT_EMIT_LOC_STRINGS = YES;
				SWIFT_VERSION = 5.0;
				TARGETED_DEVICE_FAMILY = "1,2";
			};
			name = Debug;
		};
		C23B54F928901934006EB4B2 /* Release */ = {
			isa = XCBuildConfiguration;
			buildSettings = {
				ASSETCATALOG_COMPILER_APPICON_NAME = AppIcon;
				ASSETCATALOG_COMPILER_GLOBAL_ACCENT_COLOR_NAME = AccentColor;
				CODE_SIGN_STYLE = Automatic;
				CURRENT_PROJECT_VERSION = 1;
				DEVELOPMENT_ASSET_PATHS = "\"Superstar/Preview Content\"";
				DEVELOPMENT_TEAM = 8Q7TMPA46J;
				ENABLE_PREVIEWS = YES;
				GENERATE_INFOPLIST_FILE = YES;
				INFOPLIST_KEY_UIApplicationSceneManifest_Generation = YES;
				INFOPLIST_KEY_UIApplicationSupportsIndirectInputEvents = YES;
				INFOPLIST_KEY_UILaunchScreen_Generation = YES;
				INFOPLIST_KEY_UISupportedInterfaceOrientations_iPad = "UIInterfaceOrientationPortrait UIInterfaceOrientationPortraitUpsideDown UIInterfaceOrientationLandscapeLeft UIInterfaceOrientationLandscapeRight";
				INFOPLIST_KEY_UISupportedInterfaceOrientations_iPhone = "UIInterfaceOrientationPortrait UIInterfaceOrientationLandscapeLeft UIInterfaceOrientationLandscapeRight";
				IPHONEOS_DEPLOYMENT_TARGET = 15.4;
				LD_RUNPATH_SEARCH_PATHS = (
					"$(inherited)",
					"@executable_path/Frameworks",
				);
				MARKETING_VERSION = 1.0;
				PRODUCT_BUNDLE_IDENTIFIER = com.goodsnooze.Superstar;
				PRODUCT_NAME = "$(TARGET_NAME)";
				SDKROOT = iphoneos;
				SWIFT_EMIT_LOC_STRINGS = YES;
				SWIFT_VERSION = 5.0;
				TARGETED_DEVICE_FAMILY = "1,2";
				VALIDATE_PRODUCT = YES;
			};
			name = Release;
		};
		C245B4762884ACF700ABE387 /* Debug */ = {
			isa = XCBuildConfiguration;
			buildSettings = {
				ALWAYS_SEARCH_USER_PATHS = NO;
				CLANG_ANALYZER_NONNULL = YES;
				CLANG_ANALYZER_NUMBER_OBJECT_CONVERSION = YES_AGGRESSIVE;
				CLANG_CXX_LANGUAGE_STANDARD = "gnu++17";
				CLANG_ENABLE_MODULES = YES;
				CLANG_ENABLE_OBJC_ARC = YES;
				CLANG_ENABLE_OBJC_WEAK = YES;
				CLANG_WARN_BLOCK_CAPTURE_AUTORELEASING = YES;
				CLANG_WARN_BOOL_CONVERSION = YES;
				CLANG_WARN_COMMA = YES;
				CLANG_WARN_CONSTANT_CONVERSION = YES;
				CLANG_WARN_DEPRECATED_OBJC_IMPLEMENTATIONS = YES;
				CLANG_WARN_DIRECT_OBJC_ISA_USAGE = YES_ERROR;
				CLANG_WARN_DOCUMENTATION_COMMENTS = YES;
				CLANG_WARN_EMPTY_BODY = YES;
				CLANG_WARN_ENUM_CONVERSION = YES;
				CLANG_WARN_INFINITE_RECURSION = YES;
				CLANG_WARN_INT_CONVERSION = YES;
				CLANG_WARN_NON_LITERAL_NULL_CONVERSION = YES;
				CLANG_WARN_OBJC_IMPLICIT_RETAIN_SELF = YES;
				CLANG_WARN_OBJC_LITERAL_CONVERSION = YES;
				CLANG_WARN_OBJC_ROOT_CLASS = YES_ERROR;
				CLANG_WARN_QUOTED_INCLUDE_IN_FRAMEWORK_HEADER = YES;
				CLANG_WARN_RANGE_LOOP_ANALYSIS = YES;
				CLANG_WARN_STRICT_PROTOTYPES = YES;
				CLANG_WARN_SUSPICIOUS_MOVE = YES;
				CLANG_WARN_UNGUARDED_AVAILABILITY = YES_AGGRESSIVE;
				CLANG_WARN_UNREACHABLE_CODE = YES;
				CLANG_WARN__DUPLICATE_METHOD_MATCH = YES;
				COPY_PHASE_STRIP = NO;
				DEBUG_INFORMATION_FORMAT = dwarf;
				ENABLE_STRICT_OBJC_MSGSEND = YES;
				ENABLE_TESTABILITY = YES;
				GCC_C_LANGUAGE_STANDARD = gnu11;
				GCC_DYNAMIC_NO_PIC = NO;
				GCC_NO_COMMON_BLOCKS = YES;
				GCC_OPTIMIZATION_LEVEL = 0;
				GCC_PREPROCESSOR_DEFINITIONS = (
					"DEBUG=1",
					"$(inherited)",
				);
				GCC_WARN_64_TO_32_BIT_CONVERSION = YES;
				GCC_WARN_ABOUT_RETURN_TYPE = YES_ERROR;
				GCC_WARN_UNDECLARED_SELECTOR = YES;
				GCC_WARN_UNINITIALIZED_AUTOS = YES_AGGRESSIVE;
				GCC_WARN_UNUSED_FUNCTION = YES;
				GCC_WARN_UNUSED_VARIABLE = YES;
				MTL_ENABLE_DEBUG_INFO = INCLUDE_SOURCE;
				MTL_FAST_MATH = YES;
				ONLY_ACTIVE_ARCH = YES;
				SWIFT_ACTIVE_COMPILATION_CONDITIONS = DEBUG;
				SWIFT_OPTIMIZATION_LEVEL = "-Onone";
			};
			name = Debug;
		};
		C245B4772884ACF700ABE387 /* Release */ = {
			isa = XCBuildConfiguration;
			buildSettings = {
				ALWAYS_SEARCH_USER_PATHS = NO;
				CLANG_ANALYZER_NONNULL = YES;
				CLANG_ANALYZER_NUMBER_OBJECT_CONVERSION = YES_AGGRESSIVE;
				CLANG_CXX_LANGUAGE_STANDARD = "gnu++17";
				CLANG_ENABLE_MODULES = YES;
				CLANG_ENABLE_OBJC_ARC = YES;
				CLANG_ENABLE_OBJC_WEAK = YES;
				CLANG_WARN_BLOCK_CAPTURE_AUTORELEASING = YES;
				CLANG_WARN_BOOL_CONVERSION = YES;
				CLANG_WARN_COMMA = YES;
				CLANG_WARN_CONSTANT_CONVERSION = YES;
				CLANG_WARN_DEPRECATED_OBJC_IMPLEMENTATIONS = YES;
				CLANG_WARN_DIRECT_OBJC_ISA_USAGE = YES_ERROR;
				CLANG_WARN_DOCUMENTATION_COMMENTS = YES;
				CLANG_WARN_EMPTY_BODY = YES;
				CLANG_WARN_ENUM_CONVERSION = YES;
				CLANG_WARN_INFINITE_RECURSION = YES;
				CLANG_WARN_INT_CONVERSION = YES;
				CLANG_WARN_NON_LITERAL_NULL_CONVERSION = YES;
				CLANG_WARN_OBJC_IMPLICIT_RETAIN_SELF = YES;
				CLANG_WARN_OBJC_LITERAL_CONVERSION = YES;
				CLANG_WARN_OBJC_ROOT_CLASS = YES_ERROR;
				CLANG_WARN_QUOTED_INCLUDE_IN_FRAMEWORK_HEADER = YES;
				CLANG_WARN_RANGE_LOOP_ANALYSIS = YES;
				CLANG_WARN_STRICT_PROTOTYPES = YES;
				CLANG_WARN_SUSPICIOUS_MOVE = YES;
				CLANG_WARN_UNGUARDED_AVAILABILITY = YES_AGGRESSIVE;
				CLANG_WARN_UNREACHABLE_CODE = YES;
				CLANG_WARN__DUPLICATE_METHOD_MATCH = YES;
				COPY_PHASE_STRIP = NO;
				DEBUG_INFORMATION_FORMAT = "dwarf-with-dsym";
				ENABLE_NS_ASSERTIONS = NO;
				ENABLE_STRICT_OBJC_MSGSEND = YES;
				GCC_C_LANGUAGE_STANDARD = gnu11;
				GCC_NO_COMMON_BLOCKS = YES;
				GCC_WARN_64_TO_32_BIT_CONVERSION = YES;
				GCC_WARN_ABOUT_RETURN_TYPE = YES_ERROR;
				GCC_WARN_UNDECLARED_SELECTOR = YES;
				GCC_WARN_UNINITIALIZED_AUTOS = YES_AGGRESSIVE;
				GCC_WARN_UNUSED_FUNCTION = YES;
				GCC_WARN_UNUSED_VARIABLE = YES;
				MTL_ENABLE_DEBUG_INFO = NO;
				MTL_FAST_MATH = YES;
				SWIFT_COMPILATION_MODE = wholemodule;
				SWIFT_OPTIMIZATION_LEVEL = "-O";
			};
			name = Release;
		};
		C245B47C2884ACF700ABE387 /* Debug */ = {
			isa = XCBuildConfiguration;
			buildSettings = {
				ASSETCATALOG_COMPILER_APPICON_NAME = AppIcon;
				ASSETCATALOG_COMPILER_GLOBAL_ACCENT_COLOR_NAME = AccentColor;
				CODE_SIGN_ENTITLEMENTS = macOS/macOS.entitlements;
				CODE_SIGN_STYLE = Automatic;
				COMBINE_HIDPI_IMAGES = YES;
				CURRENT_PROJECT_VERSION = 22;
				DEVELOPMENT_TEAM = 8Q7TMPA46J;
				ENABLE_HARDENED_RUNTIME = YES;
				ENABLE_PREVIEWS = YES;
				GENERATE_INFOPLIST_FILE = YES;
				INFOPLIST_KEY_LSApplicationCategoryType = "public.app-category.developer-tools";
				INFOPLIST_KEY_NSHumanReadableCopyright = "";
				LD_RUNPATH_SEARCH_PATHS = (
					"$(inherited)",
					"@executable_path/../Frameworks",
				);
				MACOSX_DEPLOYMENT_TARGET = 12;
				MARKETING_VERSION = 1.1;
				PRODUCT_BUNDLE_IDENTIFIER = com.goodsnooze.Superstar;
				PRODUCT_NAME = Superstar;
				SDKROOT = macosx;
				SWIFT_EMIT_LOC_STRINGS = YES;
				SWIFT_VERSION = 5.0;
			};
			name = Debug;
		};
		C245B47D2884ACF700ABE387 /* Release */ = {
			isa = XCBuildConfiguration;
			buildSettings = {
				ASSETCATALOG_COMPILER_APPICON_NAME = AppIcon;
				ASSETCATALOG_COMPILER_GLOBAL_ACCENT_COLOR_NAME = AccentColor;
				CODE_SIGN_ENTITLEMENTS = macOS/macOS.entitlements;
				CODE_SIGN_STYLE = Automatic;
				COMBINE_HIDPI_IMAGES = YES;
				CURRENT_PROJECT_VERSION = 22;
				DEVELOPMENT_TEAM = 8Q7TMPA46J;
				ENABLE_HARDENED_RUNTIME = YES;
				ENABLE_PREVIEWS = YES;
				GENERATE_INFOPLIST_FILE = YES;
				INFOPLIST_KEY_LSApplicationCategoryType = "public.app-category.developer-tools";
				INFOPLIST_KEY_NSHumanReadableCopyright = "";
				LD_RUNPATH_SEARCH_PATHS = (
					"$(inherited)",
					"@executable_path/../Frameworks",
				);
				MACOSX_DEPLOYMENT_TARGET = 12;
				MARKETING_VERSION = 1.1;
				PRODUCT_BUNDLE_IDENTIFIER = com.goodsnooze.Superstar;
				PRODUCT_NAME = Superstar;
				SDKROOT = macosx;
				SWIFT_EMIT_LOC_STRINGS = YES;
				SWIFT_VERSION = 5.0;
			};
			name = Release;
		};
/* End XCBuildConfiguration section */

/* Begin XCConfigurationList section */
		C23B54FA28901934006EB4B2 /* Build configuration list for PBXNativeTarget "Superstar" */ = {
			isa = XCConfigurationList;
			buildConfigurations = (
				C23B54F828901934006EB4B2 /* Debug */,
				C23B54F928901934006EB4B2 /* Release */,
			);
			defaultConfigurationIsVisible = 0;
			defaultConfigurationName = Release;
		};
		C245B45E2884ACF600ABE387 /* Build configuration list for PBXProject "Superstar" */ = {
			isa = XCConfigurationList;
			buildConfigurations = (
				C245B4762884ACF700ABE387 /* Debug */,
				C245B4772884ACF700ABE387 /* Release */,
			);
			defaultConfigurationIsVisible = 0;
			defaultConfigurationName = Release;
		};
		C245B47B2884ACF700ABE387 /* Build configuration list for PBXNativeTarget "Superstar (macOS)" */ = {
			isa = XCConfigurationList;
			buildConfigurations = (
				C245B47C2884ACF700ABE387 /* Debug */,
				C245B47D2884ACF700ABE387 /* Release */,
			);
			defaultConfigurationIsVisible = 0;
			defaultConfigurationName = Release;
		};
/* End XCConfigurationList section */

/* Begin XCRemoteSwiftPackageReference section */
		C23B546E288B0766006EB4B2 /* XCRemoteSwiftPackageReference "appstoreconnect-swift-sdk" */ = {
			isa = XCRemoteSwiftPackageReference;
			repositoryURL = "https://github.com/AvdLee/appstoreconnect-swift-sdk.git";
			requirement = {
				branch = master;
				kind = branch;
			};
		};
		C23B5478288D57DC006EB4B2 /* XCRemoteSwiftPackageReference "KeychainAccess" */ = {
			isa = XCRemoteSwiftPackageReference;
			repositoryURL = "https://github.com/kishikawakatsumi/KeychainAccess.git";
			requirement = {
				branch = master;
				kind = branch;
			};
		};
		C23B547B288D5FBD006EB4B2 /* XCRemoteSwiftPackageReference "EncryptedAppStorage" */ = {
			isa = XCRemoteSwiftPackageReference;
			repositoryURL = "https://github.com/khuong291/EncryptedAppStorage";
			requirement = {
				branch = master;
				kind = branch;
			};
		};
		C23B54A1288F1085006EB4B2 /* XCRemoteSwiftPackageReference "SwiftCSV" */ = {
			isa = XCRemoteSwiftPackageReference;
			repositoryURL = "https://github.com/swiftcsv/SwiftCSV.git";
			requirement = {
				branch = master;
				kind = branch;
			};
		};
		C2F6076628D928E9003380A9 /* XCRemoteSwiftPackageReference "DeepL-Swift" */ = {
			isa = XCRemoteSwiftPackageReference;
			repositoryURL = "https://github.com/hoyelam/DeepL-Swift";
			requirement = {
				kind = upToNextMajorVersion;
				minimumVersion = 0.0.1;
			};
		};
/* End XCRemoteSwiftPackageReference section */

/* Begin XCSwiftPackageProductDependency section */
		C23B546F288B0766006EB4B2 /* AppStoreConnect-Swift-SDK */ = {
			isa = XCSwiftPackageProductDependency;
			package = C23B546E288B0766006EB4B2 /* XCRemoteSwiftPackageReference "appstoreconnect-swift-sdk" */;
			productName = "AppStoreConnect-Swift-SDK";
		};
		C23B5479288D57DC006EB4B2 /* KeychainAccess */ = {
			isa = XCSwiftPackageProductDependency;
			package = C23B5478288D57DC006EB4B2 /* XCRemoteSwiftPackageReference "KeychainAccess" */;
			productName = KeychainAccess;
		};
		C23B547C288D5FBD006EB4B2 /* EncryptedAppStorage */ = {
			isa = XCSwiftPackageProductDependency;
			package = C23B547B288D5FBD006EB4B2 /* XCRemoteSwiftPackageReference "EncryptedAppStorage" */;
			productName = EncryptedAppStorage;
		};
		C23B54A2288F1085006EB4B2 /* SwiftCSV */ = {
			isa = XCSwiftPackageProductDependency;
			package = C23B54A1288F1085006EB4B2 /* XCRemoteSwiftPackageReference "SwiftCSV" */;
			productName = SwiftCSV;
		};
		C23B54FC28901941006EB4B2 /* AppStoreConnect-Swift-SDK */ = {
			isa = XCSwiftPackageProductDependency;
			package = C23B546E288B0766006EB4B2 /* XCRemoteSwiftPackageReference "appstoreconnect-swift-sdk" */;
			productName = "AppStoreConnect-Swift-SDK";
		};
/* End XCSwiftPackageProductDependency section */
	};
	rootObject = C245B45B2884ACF600ABE387 /* Project object */;
}
