// !$*UTF8*$!
{
	archiveVersion = 1;
	classes = {
	};
	objectVersion = 55;
	objects = {

/* Begin PBXBuildFile section */
		C245B4712884ACF700ABE387 /* SuperstarApp.swift in Sources */ = {isa = PBXBuildFile; fileRef = C245B4602884ACF600ABE387 /* SuperstarApp.swift */; };
		C245B4732884ACF700ABE387 /* ContentView.swift in Sources */ = {isa = PBXBuildFile; fileRef = C245B4612884ACF600ABE387 /* ContentView.swift */; };
		C245B4752884ACF700ABE387 /* Assets.xcassets in Resources */ = {isa = PBXBuildFile; fileRef = C245B4622884ACF700ABE387 /* Assets.xcassets */; };
		C245B4812884AD7100ABE387 /* Menubar.swift in Sources */ = {isa = PBXBuildFile; fileRef = C245B47F2884AD3000ABE387 /* Menubar.swift */; };
		C245B4882884AE0B00ABE387 /* CredentialsManager.swift in Sources */ = {isa = PBXBuildFile; fileRef = C245B4852884AE0B00ABE387 /* CredentialsManager.swift */; };
		C245B4892884AE0B00ABE387 /* AppsManager.swift in Sources */ = {isa = PBXBuildFile; fileRef = C245B4862884AE0B00ABE387 /* AppsManager.swift */; };
		C245B48A2884AE0B00ABE387 /* ReviewManager.swift in Sources */ = {isa = PBXBuildFile; fileRef = C245B4872884AE0B00ABE387 /* ReviewManager.swift */; };
		C245B48D2884AE3700ABE387 /* Bagbutik in Frameworks */ = {isa = PBXBuildFile; productRef = C245B48C2884AE3700ABE387 /* Bagbutik */; };
		C245B4932884AE8700ABE387 /* AddCredentialsView.swift in Sources */ = {isa = PBXBuildFile; fileRef = C245B48E2884AE8700ABE387 /* AddCredentialsView.swift */; };
		C245B4942884AE8700ABE387 /* FullAppView.swift in Sources */ = {isa = PBXBuildFile; fileRef = C245B48F2884AE8700ABE387 /* FullAppView.swift */; };
		C245B4952884AE8700ABE387 /* AppDetailView.swift in Sources */ = {isa = PBXBuildFile; fileRef = C245B4902884AE8700ABE387 /* AppDetailView.swift */; };
		C245B4962884AE8700ABE387 /* SuggestionsConfigView.swift in Sources */ = {isa = PBXBuildFile; fileRef = C245B4912884AE8700ABE387 /* SuggestionsConfigView.swift */; };
		C245B4972884AE8700ABE387 /* DetailReviewView.swift in Sources */ = {isa = PBXBuildFile; fileRef = C245B4922884AE8700ABE387 /* DetailReviewView.swift */; };
		C245B49A2884B02100ABE387 /* SettingsSheet.swift in Sources */ = {isa = PBXBuildFile; fileRef = C245B4992884B02100ABE387 /* SettingsSheet.swift */; };
/* End PBXBuildFile section */

/* Begin PBXFileReference section */
		C245B4602884ACF600ABE387 /* SuperstarApp.swift */ = {isa = PBXFileReference; lastKnownFileType = sourcecode.swift; path = SuperstarApp.swift; sourceTree = "<group>"; };
		C245B4612884ACF600ABE387 /* ContentView.swift */ = {isa = PBXFileReference; lastKnownFileType = sourcecode.swift; path = ContentView.swift; sourceTree = "<group>"; };
		C245B4622884ACF700ABE387 /* Assets.xcassets */ = {isa = PBXFileReference; lastKnownFileType = folder.assetcatalog; path = Assets.xcassets; sourceTree = "<group>"; };
		C245B46D2884ACF700ABE387 /* Superstar.app */ = {isa = PBXFileReference; explicitFileType = wrapper.application; includeInIndex = 0; path = Superstar.app; sourceTree = BUILT_PRODUCTS_DIR; };
		C245B46F2884ACF700ABE387 /* macOS.entitlements */ = {isa = PBXFileReference; lastKnownFileType = text.plist.entitlements; path = macOS.entitlements; sourceTree = "<group>"; };
		C245B47F2884AD3000ABE387 /* Menubar.swift */ = {isa = PBXFileReference; lastKnownFileType = sourcecode.swift; path = Menubar.swift; sourceTree = "<group>"; };
		C245B4852884AE0B00ABE387 /* CredentialsManager.swift */ = {isa = PBXFileReference; fileEncoding = 4; lastKnownFileType = sourcecode.swift; path = CredentialsManager.swift; sourceTree = "<group>"; };
		C245B4862884AE0B00ABE387 /* AppsManager.swift */ = {isa = PBXFileReference; fileEncoding = 4; lastKnownFileType = sourcecode.swift; path = AppsManager.swift; sourceTree = "<group>"; };
		C245B4872884AE0B00ABE387 /* ReviewManager.swift */ = {isa = PBXFileReference; fileEncoding = 4; lastKnownFileType = sourcecode.swift; path = ReviewManager.swift; sourceTree = "<group>"; };
		C245B48E2884AE8700ABE387 /* AddCredentialsView.swift */ = {isa = PBXFileReference; fileEncoding = 4; lastKnownFileType = sourcecode.swift; path = AddCredentialsView.swift; sourceTree = "<group>"; };
		C245B48F2884AE8700ABE387 /* FullAppView.swift */ = {isa = PBXFileReference; fileEncoding = 4; lastKnownFileType = sourcecode.swift; path = FullAppView.swift; sourceTree = "<group>"; };
		C245B4902884AE8700ABE387 /* AppDetailView.swift */ = {isa = PBXFileReference; fileEncoding = 4; lastKnownFileType = sourcecode.swift; path = AppDetailView.swift; sourceTree = "<group>"; };
		C245B4912884AE8700ABE387 /* SuggestionsConfigView.swift */ = {isa = PBXFileReference; fileEncoding = 4; lastKnownFileType = sourcecode.swift; path = SuggestionsConfigView.swift; sourceTree = "<group>"; };
		C245B4922884AE8700ABE387 /* DetailReviewView.swift */ = {isa = PBXFileReference; fileEncoding = 4; lastKnownFileType = sourcecode.swift; path = DetailReviewView.swift; sourceTree = "<group>"; };
		C245B4992884B02100ABE387 /* SettingsSheet.swift */ = {isa = PBXFileReference; lastKnownFileType = sourcecode.swift; path = SettingsSheet.swift; sourceTree = "<group>"; };
/* End PBXFileReference section */

/* Begin PBXFrameworksBuildPhase section */
		C245B46A2884ACF700ABE387 /* Frameworks */ = {
			isa = PBXFrameworksBuildPhase;
			buildActionMask = 2147483647;
			files = (
				C245B48D2884AE3700ABE387 /* Bagbutik in Frameworks */,
			);
			runOnlyForDeploymentPostprocessing = 0;
		};
/* End PBXFrameworksBuildPhase section */

/* Begin PBXGroup section */
		C245B45A2884ACF600ABE387 = {
			isa = PBXGroup;
			children = (
				C245B4822884AD7D00ABE387 /* macOS */,
				C245B45F2884ACF600ABE387 /* Shared */,
				C245B46E2884ACF700ABE387 /* macOS */,
				C245B4682884ACF700ABE387 /* Products */,
			);
			sourceTree = "<group>";
		};
		C245B45F2884ACF600ABE387 /* Shared */ = {
			isa = PBXGroup;
			children = (
				C245B4602884ACF600ABE387 /* SuperstarApp.swift */,
				C245B4612884ACF600ABE387 /* ContentView.swift */,
				C245B4842884AE0000ABE387 /* Managers */,
				C245B4622884ACF700ABE387 /* Assets.xcassets */,
			);
			path = Shared;
			sourceTree = "<group>";
		};
		C245B4682884ACF700ABE387 /* Products */ = {
			isa = PBXGroup;
			children = (
				C245B46D2884ACF700ABE387 /* Superstar.app */,
			);
			name = Products;
			sourceTree = "<group>";
		};
		C245B46E2884ACF700ABE387 /* macOS */ = {
			isa = PBXGroup;
			children = (
				C245B46F2884ACF700ABE387 /* macOS.entitlements */,
			);
			path = macOS;
			sourceTree = "<group>";
		};
		C245B47E2884AD2B00ABE387 /* Menubar */ = {
			isa = PBXGroup;
			children = (
				C245B47F2884AD3000ABE387 /* Menubar.swift */,
			);
			path = Menubar;
			sourceTree = "<group>";
		};
		C245B4822884AD7D00ABE387 /* macOS */ = {
			isa = PBXGroup;
			children = (
				C245B47E2884AD2B00ABE387 /* Menubar */,
				C245B4832884AD8400ABE387 /* main */,
			);
			name = macOS;
			path = Shared/macOS;
			sourceTree = "<group>";
		};
		C245B4832884AD8400ABE387 /* main */ = {
			isa = PBXGroup;
			children = (
				C245B4902884AE8700ABE387 /* AppDetailView.swift */,
				C245B4922884AE8700ABE387 /* DetailReviewView.swift */,
				C245B48F2884AE8700ABE387 /* FullAppView.swift */,
				C245B4982884B01500ABE387 /* Sheets */,
			);
			path = main;
			sourceTree = "<group>";
		};
		C245B4842884AE0000ABE387 /* Managers */ = {
			isa = PBXGroup;
			children = (
				C245B4862884AE0B00ABE387 /* AppsManager.swift */,
				C245B4852884AE0B00ABE387 /* CredentialsManager.swift */,
				C245B4872884AE0B00ABE387 /* ReviewManager.swift */,
			);
			path = Managers;
			sourceTree = "<group>";
		};
		C245B4982884B01500ABE387 /* Sheets */ = {
			isa = PBXGroup;
			children = (
				C245B48E2884AE8700ABE387 /* AddCredentialsView.swift */,
				C245B4992884B02100ABE387 /* SettingsSheet.swift */,
				C245B4912884AE8700ABE387 /* SuggestionsConfigView.swift */,
			);
			path = Sheets;
			sourceTree = "<group>";
		};
/* End PBXGroup section */

/* Begin PBXNativeTarget section */
		C245B46C2884ACF700ABE387 /* Superstar (macOS) */ = {
			isa = PBXNativeTarget;
			buildConfigurationList = C245B47B2884ACF700ABE387 /* Build configuration list for PBXNativeTarget "Superstar (macOS)" */;
			buildPhases = (
				C245B4692884ACF700ABE387 /* Sources */,
				C245B46A2884ACF700ABE387 /* Frameworks */,
				C245B46B2884ACF700ABE387 /* Resources */,
			);
			buildRules = (
			);
			dependencies = (
			);
			name = "Superstar (macOS)";
			packageProductDependencies = (
				C245B48C2884AE3700ABE387 /* Bagbutik */,
			);
			productName = "Superstar (macOS)";
			productReference = C245B46D2884ACF700ABE387 /* Superstar.app */;
			productType = "com.apple.product-type.application";
		};
/* End PBXNativeTarget section */

/* Begin PBXProject section */
		C245B45B2884ACF600ABE387 /* Project object */ = {
			isa = PBXProject;
			attributes = {
				BuildIndependentTargetsInParallel = 1;
				LastSwiftUpdateCheck = 1330;
				LastUpgradeCheck = 1330;
				TargetAttributes = {
					C245B46C2884ACF700ABE387 = {
						CreatedOnToolsVersion = 13.3;
					};
				};
			};
			buildConfigurationList = C245B45E2884ACF600ABE387 /* Build configuration list for PBXProject "Superstar" */;
			compatibilityVersion = "Xcode 13.0";
			developmentRegion = en;
			hasScannedForEncodings = 0;
			knownRegions = (
				en,
				Base,
			);
			mainGroup = C245B45A2884ACF600ABE387;
			packageReferences = (
				C245B48B2884AE3600ABE387 /* XCRemoteSwiftPackageReference "Bagbutik" */,
			);
			productRefGroup = C245B4682884ACF700ABE387 /* Products */;
			projectDirPath = "";
			projectRoot = "";
			targets = (
				C245B46C2884ACF700ABE387 /* Superstar (macOS) */,
			);
		};
/* End PBXProject section */

/* Begin PBXResourcesBuildPhase section */
		C245B46B2884ACF700ABE387 /* Resources */ = {
			isa = PBXResourcesBuildPhase;
			buildActionMask = 2147483647;
			files = (
				C245B4752884ACF700ABE387 /* Assets.xcassets in Resources */,
			);
			runOnlyForDeploymentPostprocessing = 0;
		};
/* End PBXResourcesBuildPhase section */

/* Begin PBXSourcesBuildPhase section */
		C245B4692884ACF700ABE387 /* Sources */ = {
			isa = PBXSourcesBuildPhase;
			buildActionMask = 2147483647;
			files = (
				C245B49A2884B02100ABE387 /* SettingsSheet.swift in Sources */,
				C245B4972884AE8700ABE387 /* DetailReviewView.swift in Sources */,
				C245B4882884AE0B00ABE387 /* CredentialsManager.swift in Sources */,
				C245B4732884ACF700ABE387 /* ContentView.swift in Sources */,
				C245B4892884AE0B00ABE387 /* AppsManager.swift in Sources */,
				C245B4942884AE8700ABE387 /* FullAppView.swift in Sources */,
				C245B4952884AE8700ABE387 /* AppDetailView.swift in Sources */,
				C245B48A2884AE0B00ABE387 /* ReviewManager.swift in Sources */,
				C245B4962884AE8700ABE387 /* SuggestionsConfigView.swift in Sources */,
				C245B4712884ACF700ABE387 /* SuperstarApp.swift in Sources */,
				C245B4932884AE8700ABE387 /* AddCredentialsView.swift in Sources */,
				C245B4812884AD7100ABE387 /* Menubar.swift in Sources */,
			);
			runOnlyForDeploymentPostprocessing = 0;
		};
/* End PBXSourcesBuildPhase section */

/* Begin XCBuildConfiguration section */
		C245B4762884ACF700ABE387 /* Debug */ = {
			isa = XCBuildConfiguration;
			buildSettings = {
				ALWAYS_SEARCH_USER_PATHS = NO;
				CLANG_ANALYZER_NONNULL = YES;
				CLANG_ANALYZER_NUMBER_OBJECT_CONVERSION = YES_AGGRESSIVE;
				CLANG_CXX_LANGUAGE_STANDARD = "gnu++17";
				CLANG_ENABLE_MODULES = YES;
				CLANG_ENABLE_OBJC_ARC = YES;
				CLANG_ENABLE_OBJC_WEAK = YES;
				CLANG_WARN_BLOCK_CAPTURE_AUTORELEASING = YES;
				CLANG_WARN_BOOL_CONVERSION = YES;
				CLANG_WARN_COMMA = YES;
				CLANG_WARN_CONSTANT_CONVERSION = YES;
				CLANG_WARN_DEPRECATED_OBJC_IMPLEMENTATIONS = YES;
				CLANG_WARN_DIRECT_OBJC_ISA_USAGE = YES_ERROR;
				CLANG_WARN_DOCUMENTATION_COMMENTS = YES;
				CLANG_WARN_EMPTY_BODY = YES;
				CLANG_WARN_ENUM_CONVERSION = YES;
				CLANG_WARN_INFINITE_RECURSION = YES;
				CLANG_WARN_INT_CONVERSION = YES;
				CLANG_WARN_NON_LITERAL_NULL_CONVERSION = YES;
				CLANG_WARN_OBJC_IMPLICIT_RETAIN_SELF = YES;
				CLANG_WARN_OBJC_LITERAL_CONVERSION = YES;
				CLANG_WARN_OBJC_ROOT_CLASS = YES_ERROR;
				CLANG_WARN_QUOTED_INCLUDE_IN_FRAMEWORK_HEADER = YES;
				CLANG_WARN_RANGE_LOOP_ANALYSIS = YES;
				CLANG_WARN_STRICT_PROTOTYPES = YES;
				CLANG_WARN_SUSPICIOUS_MOVE = YES;
				CLANG_WARN_UNGUARDED_AVAILABILITY = YES_AGGRESSIVE;
				CLANG_WARN_UNREACHABLE_CODE = YES;
				CLANG_WARN__DUPLICATE_METHOD_MATCH = YES;
				COPY_PHASE_STRIP = NO;
				DEBUG_INFORMATION_FORMAT = dwarf;
				ENABLE_STRICT_OBJC_MSGSEND = YES;
				ENABLE_TESTABILITY = YES;
				GCC_C_LANGUAGE_STANDARD = gnu11;
				GCC_DYNAMIC_NO_PIC = NO;
				GCC_NO_COMMON_BLOCKS = YES;
				GCC_OPTIMIZATION_LEVEL = 0;
				GCC_PREPROCESSOR_DEFINITIONS = (
					"DEBUG=1",
					"$(inherited)",
				);
				GCC_WARN_64_TO_32_BIT_CONVERSION = YES;
				GCC_WARN_ABOUT_RETURN_TYPE = YES_ERROR;
				GCC_WARN_UNDECLARED_SELECTOR = YES;
				GCC_WARN_UNINITIALIZED_AUTOS = YES_AGGRESSIVE;
				GCC_WARN_UNUSED_FUNCTION = YES;
				GCC_WARN_UNUSED_VARIABLE = YES;
				MTL_ENABLE_DEBUG_INFO = INCLUDE_SOURCE;
				MTL_FAST_MATH = YES;
				ONLY_ACTIVE_ARCH = YES;
				SWIFT_ACTIVE_COMPILATION_CONDITIONS = DEBUG;
				SWIFT_OPTIMIZATION_LEVEL = "-Onone";
			};
			name = Debug;
		};
		C245B4772884ACF700ABE387 /* Release */ = {
			isa = XCBuildConfiguration;
			buildSettings = {
				ALWAYS_SEARCH_USER_PATHS = NO;
				CLANG_ANALYZER_NONNULL = YES;
				CLANG_ANALYZER_NUMBER_OBJECT_CONVERSION = YES_AGGRESSIVE;
				CLANG_CXX_LANGUAGE_STANDARD = "gnu++17";
				CLANG_ENABLE_MODULES = YES;
				CLANG_ENABLE_OBJC_ARC = YES;
				CLANG_ENABLE_OBJC_WEAK = YES;
				CLANG_WARN_BLOCK_CAPTURE_AUTORELEASING = YES;
				CLANG_WARN_BOOL_CONVERSION = YES;
				CLANG_WARN_COMMA = YES;
				CLANG_WARN_CONSTANT_CONVERSION = YES;
				CLANG_WARN_DEPRECATED_OBJC_IMPLEMENTATIONS = YES;
				CLANG_WARN_DIRECT_OBJC_ISA_USAGE = YES_ERROR;
				CLANG_WARN_DOCUMENTATION_COMMENTS = YES;
				CLANG_WARN_EMPTY_BODY = YES;
				CLANG_WARN_ENUM_CONVERSION = YES;
				CLANG_WARN_INFINITE_RECURSION = YES;
				CLANG_WARN_INT_CONVERSION = YES;
				CLANG_WARN_NON_LITERAL_NULL_CONVERSION = YES;
				CLANG_WARN_OBJC_IMPLICIT_RETAIN_SELF = YES;
				CLANG_WARN_OBJC_LITERAL_CONVERSION = YES;
				CLANG_WARN_OBJC_ROOT_CLASS = YES_ERROR;
				CLANG_WARN_QUOTED_INCLUDE_IN_FRAMEWORK_HEADER = YES;
				CLANG_WARN_RANGE_LOOP_ANALYSIS = YES;
				CLANG_WARN_STRICT_PROTOTYPES = YES;
				CLANG_WARN_SUSPICIOUS_MOVE = YES;
				CLANG_WARN_UNGUARDED_AVAILABILITY = YES_AGGRESSIVE;
				CLANG_WARN_UNREACHABLE_CODE = YES;
				CLANG_WARN__DUPLICATE_METHOD_MATCH = YES;
				COPY_PHASE_STRIP = NO;
				DEBUG_INFORMATION_FORMAT = "dwarf-with-dsym";
				ENABLE_NS_ASSERTIONS = NO;
				ENABLE_STRICT_OBJC_MSGSEND = YES;
				GCC_C_LANGUAGE_STANDARD = gnu11;
				GCC_NO_COMMON_BLOCKS = YES;
				GCC_WARN_64_TO_32_BIT_CONVERSION = YES;
				GCC_WARN_ABOUT_RETURN_TYPE = YES_ERROR;
				GCC_WARN_UNDECLARED_SELECTOR = YES;
				GCC_WARN_UNINITIALIZED_AUTOS = YES_AGGRESSIVE;
				GCC_WARN_UNUSED_FUNCTION = YES;
				GCC_WARN_UNUSED_VARIABLE = YES;
				MTL_ENABLE_DEBUG_INFO = NO;
				MTL_FAST_MATH = YES;
				SWIFT_COMPILATION_MODE = wholemodule;
				SWIFT_OPTIMIZATION_LEVEL = "-O";
			};
			name = Release;
		};
		C245B47C2884ACF700ABE387 /* Debug */ = {
			isa = XCBuildConfiguration;
			buildSettings = {
				ASSETCATALOG_COMPILER_APPICON_NAME = AppIcon;
				ASSETCATALOG_COMPILER_GLOBAL_ACCENT_COLOR_NAME = AccentColor;
				CODE_SIGN_ENTITLEMENTS = macOS/macOS.entitlements;
				CODE_SIGN_STYLE = Automatic;
				COMBINE_HIDPI_IMAGES = YES;
				CURRENT_PROJECT_VERSION = 1;
				DEVELOPMENT_TEAM = 8Q7TMPA46J;
				ENABLE_HARDENED_RUNTIME = YES;
				ENABLE_PREVIEWS = YES;
				GENERATE_INFOPLIST_FILE = YES;
				INFOPLIST_KEY_NSHumanReadableCopyright = "";
				LD_RUNPATH_SEARCH_PATHS = (
					"$(inherited)",
					"@executable_path/../Frameworks",
				);
				MACOSX_DEPLOYMENT_TARGET = 12.3;
				MARKETING_VERSION = 1.0;
				PRODUCT_BUNDLE_IDENTIFIER = com.goodsnooze.Superstar;
				PRODUCT_NAME = Superstar;
				SDKROOT = macosx;
				SWIFT_EMIT_LOC_STRINGS = YES;
				SWIFT_VERSION = 5.0;
			};
			name = Debug;
		};
		C245B47D2884ACF700ABE387 /* Release */ = {
			isa = XCBuildConfiguration;
			buildSettings = {
				ASSETCATALOG_COMPILER_APPICON_NAME = AppIcon;
				ASSETCATALOG_COMPILER_GLOBAL_ACCENT_COLOR_NAME = AccentColor;
				CODE_SIGN_ENTITLEMENTS = macOS/macOS.entitlements;
				CODE_SIGN_STYLE = Automatic;
				COMBINE_HIDPI_IMAGES = YES;
				CURRENT_PROJECT_VERSION = 1;
				DEVELOPMENT_TEAM = 8Q7TMPA46J;
				ENABLE_HARDENED_RUNTIME = YES;
				ENABLE_PREVIEWS = YES;
				GENERATE_INFOPLIST_FILE = YES;
				INFOPLIST_KEY_NSHumanReadableCopyright = "";
				LD_RUNPATH_SEARCH_PATHS = (
					"$(inherited)",
					"@executable_path/../Frameworks",
				);
				MACOSX_DEPLOYMENT_TARGET = 12.3;
				MARKETING_VERSION = 1.0;
				PRODUCT_BUNDLE_IDENTIFIER = com.goodsnooze.Superstar;
				PRODUCT_NAME = Superstar;
				SDKROOT = macosx;
				SWIFT_EMIT_LOC_STRINGS = YES;
				SWIFT_VERSION = 5.0;
			};
			name = Release;
		};
/* End XCBuildConfiguration section */

/* Begin XCConfigurationList section */
		C245B45E2884ACF600ABE387 /* Build configuration list for PBXProject "Superstar" */ = {
			isa = XCConfigurationList;
			buildConfigurations = (
				C245B4762884ACF700ABE387 /* Debug */,
				C245B4772884ACF700ABE387 /* Release */,
			);
			defaultConfigurationIsVisible = 0;
			defaultConfigurationName = Release;
		};
		C245B47B2884ACF700ABE387 /* Build configuration list for PBXNativeTarget "Superstar (macOS)" */ = {
			isa = XCConfigurationList;
			buildConfigurations = (
				C245B47C2884ACF700ABE387 /* Debug */,
				C245B47D2884ACF700ABE387 /* Release */,
			);
			defaultConfigurationIsVisible = 0;
			defaultConfigurationName = Release;
		};
/* End XCConfigurationList section */

/* Begin XCRemoteSwiftPackageReference section */
		C245B48B2884AE3600ABE387 /* XCRemoteSwiftPackageReference "Bagbutik" */ = {
			isa = XCRemoteSwiftPackageReference;
			repositoryURL = "https://github.com/MortenGregersen/Bagbutik";
			requirement = {
				kind = upToNextMajorVersion;
				minimumVersion = 2.0.0;
			};
		};
/* End XCRemoteSwiftPackageReference section */

/* Begin XCSwiftPackageProductDependency section */
		C245B48C2884AE3700ABE387 /* Bagbutik */ = {
			isa = XCSwiftPackageProductDependency;
			package = C245B48B2884AE3600ABE387 /* XCRemoteSwiftPackageReference "Bagbutik" */;
			productName = Bagbutik;
		};
/* End XCSwiftPackageProductDependency section */
	};
	rootObject = C245B45B2884ACF600ABE387 /* Project object */;
}
